
Microsoft Visual Studio Solution File, Format Version 12.00
# Visual Studio 15
VisualStudioVersion = 15.0.28307.106
MinimumVisualStudioVersion = 10.0.40219.1
Project("{FAE04EC0-301F-11D3-BF4B-00C04F79EFBC}") = "StrategyPattern", "StrategyPattern\StrategyPattern.csproj", "{15B9956F-F744-4543-80EE-A76536362DB0}"
EndProject
Global
	GlobalSection(SolutionConfigurationPlatforms) = preSolution
		Debug|Any CPU = Debug|Any CPU
		Release|Any CPU = Release|Any CPU
	EndGlobalSection
	GlobalSection(ProjectConfigurationPlatforms) = postSolution
		{15B9956F-F744-4543-80EE-A76536362DB0}.Debug|Any CPU.ActiveCfg = Debug|Any CPU
		{15B9956F-F744-4543-80EE-A76536362DB0}.Debug|Any CPU.Build.0 = Debug|Any CPU
		{15B9956F-F744-4543-80EE-A76536362DB0}.Release|Any CPU.ActiveCfg = Release|Any CPU
		{15B9956F-F744-4543-80EE-A76536362DB0}.Release|Any CPU.Build.0 = Release|Any CPU
	EndGlobalSection
	GlobalSection(SolutionProperties) = preSolution
		HideSolutionNode = FALSE
	EndGlobalSection
	GlobalSection(ExtensibilityGlobals) = postSolution
		SolutionGuid = {A58E0ECA-6C1C-45A1-8DE2-7648D3CE217E}
	EndGlobalSection
EndGlobal
